
Microsoft Visual Studio Solution File, Format Version 12.00
# Visual Studio 2012
VisualStudioVersion = 12.0.31101.0
MinimumVisualStudioVersion = 10.0.40219.1
Project("{FAE04EC0-301F-11D3-BF4B-00C04F79EFBC}") = "Phoneword_iOS", "Phoneword_iOS\Phoneword_iOS.csproj", "{8A2E92DD-FF01-410C-A4F6-90AB1530B3E4}"
EndProject
Project("{FAE04EC0-301F-11D3-BF4B-00C04F79EFBC}") = "Phoneword_Android", "Phoneword_Android\Phoneword_Android.csproj", "{B0EA8648-9632-48F8-895D-366755F7A133}"
EndProject
Project("{D954291E-2A0B-460D-934E-DC6B0785DB48}") = "PhonewordSharedCode", "PhonewordSharedCode\PhonewordSharedCode.shproj", "{61ECD3B8-5019-4DE0-AA76-FA8BBE9BA68B}"
EndProject
Project("{FAE04EC0-301F-11D3-BF4B-00C04F79EFBC}") = "PhonewordValidation.UITests", "PhonewordValidation.UITests\PhonewordValidation.UITests.csproj", "{FB00E123-0112-4AE0-9551-91175D4675F5}"
EndProject
Global
	GlobalSection(SolutionConfigurationPlatforms) = preSolution
		Ad-Hoc|Any CPU = Ad-Hoc|Any CPU
		Ad-Hoc|iPhone = Ad-Hoc|iPhone
		Ad-Hoc|iPhoneSimulator = Ad-Hoc|iPhoneSimulator
		Ad-Hoc|Mixed Platforms = Ad-Hoc|Mixed Platforms
		AppStore|Any CPU = AppStore|Any CPU
		AppStore|iPhone = AppStore|iPhone
		AppStore|iPhoneSimulator = AppStore|iPhoneSimulator
		AppStore|Mixed Platforms = AppStore|Mixed Platforms
		Debug|Any CPU = Debug|Any CPU
		Debug|iPhone = Debug|iPhone
		Debug|iPhoneSimulator = Debug|iPhoneSimulator
		Debug|Mixed Platforms = Debug|Mixed Platforms
		Release|Any CPU = Release|Any CPU
		Release|iPhone = Release|iPhone
		Release|iPhoneSimulator = Release|iPhoneSimulator
		Release|Mixed Platforms = Release|Mixed Platforms
	EndGlobalSection
	GlobalSection(ProjectConfigurationPlatforms) = postSolution
		{8A2E92DD-FF01-410C-A4F6-90AB1530B3E4}.Ad-Hoc|Any CPU.ActiveCfg = Ad-Hoc|iPhoneSimulator
		{8A2E92DD-FF01-410C-A4F6-90AB1530B3E4}.Ad-Hoc|iPhone.ActiveCfg = Ad-Hoc|iPhone
		{8A2E92DD-FF01-410C-A4F6-90AB1530B3E4}.Ad-Hoc|iPhone.Build.0 = Ad-Hoc|iPhone
		{8A2E92DD-FF01-410C-A4F6-90AB1530B3E4}.Ad-Hoc|iPhoneSimulator.ActiveCfg = Ad-Hoc|iPhoneSimulator
		{8A2E92DD-FF01-410C-A4F6-90AB1530B3E4}.Ad-Hoc|iPhoneSimulator.Build.0 = Ad-Hoc|iPhoneSimulator
		{8A2E92DD-FF01-410C-A4F6-90AB1530B3E4}.Ad-Hoc|Mixed Platforms.ActiveCfg = Ad-Hoc|iPhoneSimulator
		{8A2E92DD-FF01-410C-A4F6-90AB1530B3E4}.Ad-Hoc|Mixed Platforms.Build.0 = Ad-Hoc|iPhoneSimulator
		{8A2E92DD-FF01-410C-A4F6-90AB1530B3E4}.AppStore|Any CPU.ActiveCfg = AppStore|iPhoneSimulator
		{8A2E92DD-FF01-410C-A4F6-90AB1530B3E4}.AppStore|iPhone.ActiveCfg = AppStore|iPhone
		{8A2E92DD-FF01-410C-A4F6-90AB1530B3E4}.AppStore|iPhone.Build.0 = AppStore|iPhone
		{8A2E92DD-FF01-410C-A4F6-90AB1530B3E4}.AppStore|iPhoneSimulator.ActiveCfg = AppStore|iPhoneSimulator
		{8A2E92DD-FF01-410C-A4F6-90AB1530B3E4}.AppStore|iPhoneSimulator.Build.0 = AppStore|iPhoneSimulator
		{8A2E92DD-FF01-410C-A4F6-90AB1530B3E4}.AppStore|Mixed Platforms.ActiveCfg = AppStore|iPhoneSimulator
		{8A2E92DD-FF01-410C-A4F6-90AB1530B3E4}.AppStore|Mixed Platforms.Build.0 = AppStore|iPhoneSimulator
		{8A2E92DD-FF01-410C-A4F6-90AB1530B3E4}.Debug|Any CPU.ActiveCfg = Debug|iPhoneSimulator
		{8A2E92DD-FF01-410C-A4F6-90AB1530B3E4}.Debug|Any CPU.Build.0 = Debug|iPhoneSimulator
		{8A2E92DD-FF01-410C-A4F6-90AB1530B3E4}.Debug|iPhone.ActiveCfg = Debug|iPhone
		{8A2E92DD-FF01-410C-A4F6-90AB1530B3E4}.Debug|iPhone.Build.0 = Debug|iPhone
		{8A2E92DD-FF01-410C-A4F6-90AB1530B3E4}.Debug|iPhoneSimulator.ActiveCfg = Debug|iPhoneSimulator
		{8A2E92DD-FF01-410C-A4F6-90AB1530B3E4}.Debug|iPhoneSimulator.Build.0 = Debug|iPhoneSimulator
		{8A2E92DD-FF01-410C-A4F6-90AB1530B3E4}.Debug|Mixed Platforms.ActiveCfg = Debug|iPhoneSimulator
		{8A2E92DD-FF01-410C-A4F6-90AB1530B3E4}.Debug|Mixed Platforms.Build.0 = Debug|iPhoneSimulator
		{8A2E92DD-FF01-410C-A4F6-90AB1530B3E4}.Release|Any CPU.ActiveCfg = Release|iPhoneSimulator
		{8A2E92DD-FF01-410C-A4F6-90AB1530B3E4}.Release|iPhone.ActiveCfg = Release|iPhone
		{8A2E92DD-FF01-410C-A4F6-90AB1530B3E4}.Release|iPhone.Build.0 = Release|iPhone
		{8A2E92DD-FF01-410C-A4F6-90AB1530B3E4}.Release|iPhoneSimulator.ActiveCfg = Release|iPhoneSimulator
		{8A2E92DD-FF01-410C-A4F6-90AB1530B3E4}.Release|iPhoneSimulator.Build.0 = Release|iPhoneSimulator
		{8A2E92DD-FF01-410C-A4F6-90AB1530B3E4}.Release|Mixed Platforms.ActiveCfg = Release|iPhoneSimulator
		{8A2E92DD-FF01-410C-A4F6-90AB1530B3E4}.Release|Mixed Platforms.Build.0 = Release|iPhoneSimulator
		{B0EA8648-9632-48F8-895D-366755F7A133}.Ad-Hoc|Any CPU.ActiveCfg = Release|Any CPU
		{B0EA8648-9632-48F8-895D-366755F7A133}.Ad-Hoc|Any CPU.Build.0 = Release|Any CPU
		{B0EA8648-9632-48F8-895D-366755F7A133}.Ad-Hoc|Any CPU.Deploy.0 = Release|Any CPU
		{B0EA8648-9632-48F8-895D-366755F7A133}.Ad-Hoc|iPhone.ActiveCfg = Release|Any CPU
		{B0EA8648-9632-48F8-895D-366755F7A133}.Ad-Hoc|iPhoneSimulator.ActiveCfg = Release|Any CPU
		{B0EA8648-9632-48F8-895D-366755F7A133}.Ad-Hoc|Mixed Platforms.ActiveCfg = Release|Any CPU
		{B0EA8648-9632-48F8-895D-366755F7A133}.Ad-Hoc|Mixed Platforms.Build.0 = Release|Any CPU
		{B0EA8648-9632-48F8-895D-366755F7A133}.Ad-Hoc|Mixed Platforms.Deploy.0 = Release|Any CPU
		{B0EA8648-9632-48F8-895D-366755F7A133}.AppStore|Any CPU.ActiveCfg = Release|Any CPU
		{B0EA8648-9632-48F8-895D-366755F7A133}.AppStore|Any CPU.Build.0 = Release|Any CPU
		{B0EA8648-9632-48F8-895D-366755F7A133}.AppStore|Any CPU.Deploy.0 = Release|Any CPU
		{B0EA8648-9632-48F8-895D-366755F7A133}.AppStore|iPhone.ActiveCfg = Release|Any CPU
		{B0EA8648-9632-48F8-895D-366755F7A133}.AppStore|iPhoneSimulator.ActiveCfg = Release|Any CPU
		{B0EA8648-9632-48F8-895D-366755F7A133}.AppStore|Mixed Platforms.ActiveCfg = Release|Any CPU
		{B0EA8648-9632-48F8-895D-366755F7A133}.AppStore|Mixed Platforms.Build.0 = Release|Any CPU
		{B0EA8648-9632-48F8-895D-366755F7A133}.AppStore|Mixed Platforms.Deploy.0 = Release|Any CPU
		{B0EA8648-9632-48F8-895D-366755F7A133}.Debug|Any CPU.ActiveCfg = Debug|Any CPU
		{B0EA8648-9632-48F8-895D-366755F7A133}.Debug|Any CPU.Build.0 = Debug|Any CPU
		{B0EA8648-9632-48F8-895D-366755F7A133}.Debug|Any CPU.Deploy.0 = Debug|Any CPU
		{B0EA8648-9632-48F8-895D-366755F7A133}.Debug|iPhone.ActiveCfg = Debug|Any CPU
		{B0EA8648-9632-48F8-895D-366755F7A133}.Debug|iPhoneSimulator.ActiveCfg = Debug|Any CPU
		{B0EA8648-9632-48F8-895D-366755F7A133}.Debug|Mixed Platforms.ActiveCfg = Debug|Any CPU
		{B0EA8648-9632-48F8-895D-366755F7A133}.Debug|Mixed Platforms.Build.0 = Debug|Any CPU
		{B0EA8648-9632-48F8-895D-366755F7A133}.Debug|Mixed Platforms.Deploy.0 = Debug|Any CPU
		{B0EA8648-9632-48F8-895D-366755F7A133}.Release|Any CPU.ActiveCfg = Release|Any CPU
		{B0EA8648-9632-48F8-895D-366755F7A133}.Release|Any CPU.Build.0 = Release|Any CPU
		{B0EA8648-9632-48F8-895D-366755F7A133}.Release|Any CPU.Deploy.0 = Release|Any CPU
		{B0EA8648-9632-48F8-895D-366755F7A133}.Release|iPhone.ActiveCfg = Release|Any CPU
		{B0EA8648-9632-48F8-895D-366755F7A133}.Release|iPhoneSimulator.ActiveCfg = Release|Any CPU
		{B0EA8648-9632-48F8-895D-366755F7A133}.Release|Mixed Platforms.ActiveCfg = Release|Any CPU
		{B0EA8648-9632-48F8-895D-366755F7A133}.Release|Mixed Platforms.Build.0 = Release|Any CPU
		{B0EA8648-9632-48F8-895D-366755F7A133}.Release|Mixed Platforms.Deploy.0 = Release|Any CPU
		{FB00E123-0112-4AE0-9551-91175D4675F5}.Ad-Hoc|Any CPU.ActiveCfg = Release|Any CPU
		{FB00E123-0112-4AE0-9551-91175D4675F5}.Ad-Hoc|Any CPU.Build.0 = Release|Any CPU
		{FB00E123-0112-4AE0-9551-91175D4675F5}.Ad-Hoc|iPhone.ActiveCfg = Release|Any CPU
		{FB00E123-0112-4AE0-9551-91175D4675F5}.Ad-Hoc|iPhoneSimulator.ActiveCfg = Release|Any CPU
		{FB00E123-0112-4AE0-9551-91175D4675F5}.Ad-Hoc|Mixed Platforms.ActiveCfg = Release|Any CPU
		{FB00E123-0112-4AE0-9551-91175D4675F5}.Ad-Hoc|Mixed Platforms.Build.0 = Release|Any CPU
		{FB00E123-0112-4AE0-9551-91175D4675F5}.AppStore|Any CPU.ActiveCfg = Release|Any CPU
		{FB00E123-0112-4AE0-9551-91175D4675F5}.AppStore|Any CPU.Build.0 = Release|Any CPU
		{FB00E123-0112-4AE0-9551-91175D4675F5}.AppStore|iPhone.ActiveCfg = Release|Any CPU
		{FB00E123-0112-4AE0-9551-91175D4675F5}.AppStore|iPhoneSimulator.ActiveCfg = Release|Any CPU
		{FB00E123-0112-4AE0-9551-91175D4675F5}.AppStore|Mixed Platforms.ActiveCfg = Release|Any CPU
		{FB00E123-0112-4AE0-9551-91175D4675F5}.AppStore|Mixed Platforms.Build.0 = Release|Any CPU
		{FB00E123-0112-4AE0-9551-91175D4675F5}.Debug|Any CPU.ActiveCfg = Debug|Any CPU
		{FB00E123-0112-4AE0-9551-91175D4675F5}.Debug|Any CPU.Build.0 = Debug|Any CPU
		{FB00E123-0112-4AE0-9551-91175D4675F5}.Debug|iPhone.ActiveCfg = Debug|Any CPU
		{FB00E123-0112-4AE0-9551-91175D4675F5}.Debug|iPhoneSimulator.ActiveCfg = Debug|Any CPU
		{FB00E123-0112-4AE0-9551-91175D4675F5}.Debug|Mixed Platforms.ActiveCfg = Debug|Any CPU
		{FB00E123-0112-4AE0-9551-91175D4675F5}.Debug|Mixed Platforms.Build.0 = Debug|Any CPU
		{FB00E123-0112-4AE0-9551-91175D4675F5}.Release|Any CPU.ActiveCfg = Release|Any CPU
		{FB00E123-0112-4AE0-9551-91175D4675F5}.Release|Any CPU.Build.0 = Release|Any CPU
		{FB00E123-0112-4AE0-9551-91175D4675F5}.Release|iPhone.ActiveCfg = Release|Any CPU
		{FB00E123-0112-4AE0-9551-91175D4675F5}.Release|iPhoneSimulator.ActiveCfg = Release|Any CPU
		{FB00E123-0112-4AE0-9551-91175D4675F5}.Release|Mixed Platforms.ActiveCfg = Release|Any CPU
		{FB00E123-0112-4AE0-9551-91175D4675F5}.Release|Mixed Platforms.Build.0 = Release|Any CPU
	EndGlobalSection
	GlobalSection(SharedMSBuildProjectFiles) = preSolution
		PhonewordSharedCode\PhonewordSharedCode.projitems*{61ecd3b8-5019-4de0-aa76-fa8bbe9ba68b}*SharedItemsImports = 13
		PhonewordSharedCode\PhonewordSharedCode.projitems*{8a2e92dd-ff01-410c-a4f6-90ab1530b3e4}*SharedItemsImports = 4
		PhonewordSharedCode\PhonewordSharedCode.projitems*{b0ea8648-9632-48f8-895d-366755f7a133}*SharedItemsImports = 4
	EndGlobalSection
	GlobalSection(SolutionProperties) = preSolution
		HideSolutionNode = FALSE
	EndGlobalSection
EndGlobal
